
Microsoft Visual Studio Solution File, Format Version 12.00
# Visual Studio Version 16
VisualStudioVersion = 16.6.30114.105
MinimumVisualStudioVersion = 10.0.40219.1
Project("{2150E333-8FDC-42A3-9474-1A3956D46DE8}") = "test", "test", "{6F33282C-3E76-4A33-8C4C-0D197D1CAB4A}"
EndProject
Project("{FAE04EC0-301F-11D3-BF4B-00C04F79EFBC}") = "Lab1test", "test\Lab1test\Lab1test.csproj", "{472BDA29-FBB7-4A97-9658-D57A6666D2FA}"
EndProject
Project("{2150E333-8FDC-42A3-9474-1A3956D46DE8}") = "src", "src", "{9E06354B-EA5E-486E-87C5-EC24A156787F}"
EndProject
Project("{FAE04EC0-301F-11D3-BF4B-00C04F79EFBC}") = "Lab1", "src\Lab1\Lab1.csproj", "{4431A16A-C868-434C-A32E-31A31F98A41E}"
EndProject
Global
	GlobalSection(SolutionConfigurationPlatforms) = preSolution
		Debug|Any CPU = Debug|Any CPU
		Debug|x64 = Debug|x64
		Debug|x86 = Debug|x86
		Release|Any CPU = Release|Any CPU
		Release|x64 = Release|x64
		Release|x86 = Release|x86
	EndGlobalSection
	GlobalSection(SolutionProperties) = preSolution
		HideSolutionNode = FALSE
	EndGlobalSection
	GlobalSection(ProjectConfigurationPlatforms) = postSolution
		{472BDA29-FBB7-4A97-9658-D57A6666D2FA}.Debug|Any CPU.ActiveCfg = Debug|Any CPU
		{472BDA29-FBB7-4A97-9658-D57A6666D2FA}.Debug|Any CPU.Build.0 = Debug|Any CPU
		{472BDA29-FBB7-4A97-9658-D57A6666D2FA}.Debug|x64.ActiveCfg = Debug|Any CPU
		{472BDA29-FBB7-4A97-9658-D57A6666D2FA}.Debug|x64.Build.0 = Debug|Any CPU
		{472BDA29-FBB7-4A97-9658-D57A6666D2FA}.Debug|x86.ActiveCfg = Debug|Any CPU
		{472BDA29-FBB7-4A97-9658-D57A6666D2FA}.Debug|x86.Build.0 = Debug|Any CPU
		{472BDA29-FBB7-4A97-9658-D57A6666D2FA}.Release|Any CPU.ActiveCfg = Release|Any CPU
		{472BDA29-FBB7-4A97-9658-D57A6666D2FA}.Release|Any CPU.Build.0 = Release|Any CPU
		{472BDA29-FBB7-4A97-9658-D57A6666D2FA}.Release|x64.ActiveCfg = Release|Any CPU
		{472BDA29-FBB7-4A97-9658-D57A6666D2FA}.Release|x64.Build.0 = Release|Any CPU
		{472BDA29-FBB7-4A97-9658-D57A6666D2FA}.Release|x86.ActiveCfg = Release|Any CPU
		{472BDA29-FBB7-4A97-9658-D57A6666D2FA}.Release|x86.Build.0 = Release|Any CPU
		{4431A16A-C868-434C-A32E-31A31F98A41E}.Debug|Any CPU.ActiveCfg = Debug|Any CPU
		{4431A16A-C868-434C-A32E-31A31F98A41E}.Debug|Any CPU.Build.0 = Debug|Any CPU
		{4431A16A-C868-434C-A32E-31A31F98A41E}.Debug|x64.ActiveCfg = Debug|Any CPU
		{4431A16A-C868-434C-A32E-31A31F98A41E}.Debug|x64.Build.0 = Debug|Any CPU
		{4431A16A-C868-434C-A32E-31A31F98A41E}.Debug|x86.ActiveCfg = Debug|Any CPU
		{4431A16A-C868-434C-A32E-31A31F98A41E}.Debug|x86.Build.0 = Debug|Any CPU
		{4431A16A-C868-434C-A32E-31A31F98A41E}.Release|Any CPU.ActiveCfg = Release|Any CPU
		{4431A16A-C868-434C-A32E-31A31F98A41E}.Release|Any CPU.Build.0 = Release|Any CPU
		{4431A16A-C868-434C-A32E-31A31F98A41E}.Release|x64.ActiveCfg = Release|Any CPU
		{4431A16A-C868-434C-A32E-31A31F98A41E}.Release|x64.Build.0 = Release|Any CPU
		{4431A16A-C868-434C-A32E-31A31F98A41E}.Release|x86.ActiveCfg = Release|Any CPU
		{4431A16A-C868-434C-A32E-31A31F98A41E}.Release|x86.Build.0 = Release|Any CPU
	EndGlobalSection
	GlobalSection(NestedProjects) = preSolution
		{472BDA29-FBB7-4A97-9658-D57A6666D2FA} = {6F33282C-3E76-4A33-8C4C-0D197D1CAB4A}
		{4431A16A-C868-434C-A32E-31A31F98A41E} = {9E06354B-EA5E-486E-87C5-EC24A156787F}
	EndGlobalSection
EndGlobal
